
Microsoft Visual Studio Solution File, Format Version 12.00
# Visual Studio Version 17
VisualStudioVersion = 17.0.32112.339
MinimumVisualStudioVersion = 10.0.40219.1
Project("{9A19103F-16F7-4668-BE54-9A1E7A4F7556}") = "DSA", "DSA\DSA.csproj", "{27E91982-5D0E-4C4F-9A29-A717223EE908}"
EndProject
Project("{9A19103F-16F7-4668-BE54-9A1E7A4F7556}") = "DSA.DataStructures", "DSA.DataStructures\DSA.DataStructures.csproj", "{7E7897C0-974C-4607-B3C1-D19A408B93C6}"
EndProject
Project("{9A19103F-16F7-4668-BE54-9A1E7A4F7556}") = "DSA.Tests", "DSA.Tests\DSA.Tests.csproj", "{6E8E2C6F-CECC-401E-B3E2-BE81FF68F253}"
EndProject
Project("{FAE04EC0-301F-11D3-BF4B-00C04F79EFBC}") = "DSA.Algorithms", "DSA.Algorithms\DSA.Algorithms.csproj", "{F453A1A1-B341-49FA-B6AD-3EC55937D701}"
EndProject
Global
	GlobalSection(SolutionConfigurationPlatforms) = preSolution
		Debug|Any CPU = Debug|Any CPU
		Release|Any CPU = Release|Any CPU
	EndGlobalSection
	GlobalSection(ProjectConfigurationPlatforms) = postSolution
		{27E91982-5D0E-4C4F-9A29-A717223EE908}.Debug|Any CPU.ActiveCfg = Debug|Any CPU
		{27E91982-5D0E-4C4F-9A29-A717223EE908}.Debug|Any CPU.Build.0 = Debug|Any CPU
		{27E91982-5D0E-4C4F-9A29-A717223EE908}.Release|Any CPU.ActiveCfg = Release|Any CPU
		{27E91982-5D0E-4C4F-9A29-A717223EE908}.Release|Any CPU.Build.0 = Release|Any CPU
		{7E7897C0-974C-4607-B3C1-D19A408B93C6}.Debug|Any CPU.ActiveCfg = Debug|Any CPU
		{7E7897C0-974C-4607-B3C1-D19A408B93C6}.Debug|Any CPU.Build.0 = Debug|Any CPU
		{7E7897C0-974C-4607-B3C1-D19A408B93C6}.Release|Any CPU.ActiveCfg = Release|Any CPU
		{7E7897C0-974C-4607-B3C1-D19A408B93C6}.Release|Any CPU.Build.0 = Release|Any CPU
		{6E8E2C6F-CECC-401E-B3E2-BE81FF68F253}.Debug|Any CPU.ActiveCfg = Debug|Any CPU
		{6E8E2C6F-CECC-401E-B3E2-BE81FF68F253}.Debug|Any CPU.Build.0 = Debug|Any CPU
		{6E8E2C6F-CECC-401E-B3E2-BE81FF68F253}.Release|Any CPU.ActiveCfg = Release|Any CPU
		{6E8E2C6F-CECC-401E-B3E2-BE81FF68F253}.Release|Any CPU.Build.0 = Release|Any CPU
		{F453A1A1-B341-49FA-B6AD-3EC55937D701}.Debug|Any CPU.ActiveCfg = Debug|Any CPU
		{F453A1A1-B341-49FA-B6AD-3EC55937D701}.Debug|Any CPU.Build.0 = Debug|Any CPU
		{F453A1A1-B341-49FA-B6AD-3EC55937D701}.Release|Any CPU.ActiveCfg = Release|Any CPU
		{F453A1A1-B341-49FA-B6AD-3EC55937D701}.Release|Any CPU.Build.0 = Release|Any CPU
	EndGlobalSection
	GlobalSection(SolutionProperties) = preSolution
		HideSolutionNode = FALSE
	EndGlobalSection
	GlobalSection(ExtensibilityGlobals) = postSolution
		SolutionGuid = {3304060B-5E41-49C1-ACFF-7E842D24CD43}
	EndGlobalSection
EndGlobal
